// !$*UTF8*$!
{
	archiveVersion = 1;
	classes = {
	};
	objectVersion = 50;
	objects = {

/* Begin PBXBuildFile section */
		BA800DA420A0496000ADD465 /* AppDelegate.swift in Sources */ = {isa = PBXBuildFile; fileRef = BA800DA320A0496000ADD465 /* AppDelegate.swift */; };
		BA800DA620A0496000ADD465 /* CheckListViewController.swift in Sources */ = {isa = PBXBuildFile; fileRef = BA800DA520A0496000ADD465 /* CheckListViewController.swift */; };
		BA800DA920A0496000ADD465 /* Main.storyboard in Resources */ = {isa = PBXBuildFile; fileRef = BA800DA720A0496000ADD465 /* Main.storyboard */; };
		BA800DAC20A0496000ADD465 /* Checklist.xcdatamodeld in Sources */ = {isa = PBXBuildFile; fileRef = BA800DAA20A0496000ADD465 /* Checklist.xcdatamodeld */; };
		BA800DAE20A0496100ADD465 /* Assets.xcassets in Resources */ = {isa = PBXBuildFile; fileRef = BA800DAD20A0496100ADD465 /* Assets.xcassets */; };
		BA800DB120A0496100ADD465 /* LaunchScreen.storyboard in Resources */ = {isa = PBXBuildFile; fileRef = BA800DAF20A0496100ADD465 /* LaunchScreen.storyboard */; };
		BA800DBC20A0511600ADD465 /* GrinchedRegular.otf in Resources */ = {isa = PBXBuildFile; fileRef = BA800DBB20A0511600ADD465 /* GrinchedRegular.otf */; };
		BA800DBE20A069D200ADD465 /* CheckListItem.swift in Sources */ = {isa = PBXBuildFile; fileRef = BA800DBD20A069D200ADD465 /* CheckListItem.swift */; };
		BAB60DA320A24E0A00FA0EC6 /* AddItemControllerViewController.swift in Sources */ = {isa = PBXBuildFile; fileRef = BAB60DA220A24E0A00FA0EC6 /* AddItemControllerViewController.swift */; };
/* End PBXBuildFile section */

/* Begin PBXFileReference section */
		BA800DA020A0496000ADD465 /* Checklist.app */ = {isa = PBXFileReference; explicitFileType = wrapper.application; includeInIndex = 0; path = Checklist.app; sourceTree = BUILT_PRODUCTS_DIR; };
		BA800DA320A0496000ADD465 /* AppDelegate.swift */ = {isa = PBXFileReference; lastKnownFileType = sourcecode.swift; path = AppDelegate.swift; sourceTree = "<group>"; };
		BA800DA520A0496000ADD465 /* CheckListViewController.swift */ = {isa = PBXFileReference; lastKnownFileType = sourcecode.swift; path = CheckListViewController.swift; sourceTree = "<group>"; };
		BA800DA820A0496000ADD465 /* Base */ = {isa = PBXFileReference; lastKnownFileType = file.storyboard; name = Base; path = Base.lproj/Main.storyboard; sourceTree = "<group>"; };
		BA800DAB20A0496000ADD465 /* Checklist.xcdatamodel */ = {isa = PBXFileReference; lastKnownFileType = wrapper.xcdatamodel; path = Checklist.xcdatamodel; sourceTree = "<group>"; };
		BA800DAD20A0496100ADD465 /* Assets.xcassets */ = {isa = PBXFileReference; lastKnownFileType = folder.assetcatalog; path = Assets.xcassets; sourceTree = "<group>"; };
		BA800DB020A0496100ADD465 /* Base */ = {isa = PBXFileReference; lastKnownFileType = file.storyboard; name = Base; path = Base.lproj/LaunchScreen.storyboard; sourceTree = "<group>"; };
		BA800DB220A0496100ADD465 /* Info.plist */ = {isa = PBXFileReference; lastKnownFileType = text.plist.xml; path = Info.plist; sourceTree = "<group>"; };
		BA800DBB20A0511600ADD465 /* GrinchedRegular.otf */ = {isa = PBXFileReference; lastKnownFileType = file; path = GrinchedRegular.otf; sourceTree = "<group>"; };
		BA800DBD20A069D200ADD465 /* CheckListItem.swift */ = {isa = PBXFileReference; lastKnownFileType = sourcecode.swift; path = CheckListItem.swift; sourceTree = "<group>"; };
		BAB60DA220A24E0A00FA0EC6 /* AddItemControllerViewController.swift */ = {isa = PBXFileReference; lastKnownFileType = sourcecode.swift; path = AddItemControllerViewController.swift; sourceTree = "<group>"; };
/* End PBXFileReference section */

/* Begin PBXFrameworksBuildPhase section */
		BA800D9D20A0496000ADD465 /* Frameworks */ = {
			isa = PBXFrameworksBuildPhase;
			buildActionMask = 2147483647;
			files = (
			);
			runOnlyForDeploymentPostprocessing = 0;
		};
/* End PBXFrameworksBuildPhase section */

/* Begin PBXGroup section */
		BA800D9720A0496000ADD465 = {
			isa = PBXGroup;
			children = (
				BA800DA220A0496000ADD465 /* Checklist */,
				BA800DA120A0496000ADD465 /* Products */,
			);
			sourceTree = "<group>";
		};
		BA800DA120A0496000ADD465 /* Products */ = {
			isa = PBXGroup;
			children = (
				BA800DA020A0496000ADD465 /* Checklist.app */,
			);
			name = Products;
			sourceTree = "<group>";
		};
		BA800DA220A0496000ADD465 /* Checklist */ = {
			isa = PBXGroup;
			children = (
				BA800DBD20A069D200ADD465 /* CheckListItem.swift */,
				BA800DBA20A0511600ADD465 /* fonts */,
				BA800DA320A0496000ADD465 /* AppDelegate.swift */,
				BA800DA520A0496000ADD465 /* CheckListViewController.swift */,
				BA800DA720A0496000ADD465 /* Main.storyboard */,
				BAB60DA220A24E0A00FA0EC6 /* AddItemControllerViewController.swift */,
				BA800DAD20A0496100ADD465 /* Assets.xcassets */,
				BA800DAF20A0496100ADD465 /* LaunchScreen.storyboard */,
				BA800DB220A0496100ADD465 /* Info.plist */,
				BA800DAA20A0496000ADD465 /* Checklist.xcdatamodeld */,
			);
			path = Checklist;
			sourceTree = "<group>";
		};
		BA800DBA20A0511600ADD465 /* fonts */ = {
			isa = PBXGroup;
			children = (
				BA800DBB20A0511600ADD465 /* GrinchedRegular.otf */,
			);
			path = fonts;
			sourceTree = "<group>";
		};
/* End PBXGroup section */

/* Begin PBXNativeTarget section */
		BA800D9F20A0496000ADD465 /* Checklist */ = {
			isa = PBXNativeTarget;
			buildConfigurationList = BA800DB520A0496100ADD465 /* Build configuration list for PBXNativeTarget "Checklist" */;
			buildPhases = (
				BA800D9C20A0496000ADD465 /* Sources */,
				BA800D9D20A0496000ADD465 /* Frameworks */,
				BA800D9E20A0496000ADD465 /* Resources */,
			);
			buildRules = (
			);
			dependencies = (
			);
			name = Checklist;
			productName = Checklist;
			productReference = BA800DA020A0496000ADD465 /* Checklist.app */;
			productType = "com.apple.product-type.application";
		};
/* End PBXNativeTarget section */

/* Begin PBXProject section */
		BA800D9820A0496000ADD465 /* Project object */ = {
			isa = PBXProject;
			attributes = {
				LastSwiftUpdateCheck = 0940;
				LastUpgradeCheck = 0940;
				ORGANIZATIONNAME = "antonio martin moreno";
				TargetAttributes = {
					BA800D9F20A0496000ADD465 = {
						CreatedOnToolsVersion = 9.4;
					};
				};
			};
			buildConfigurationList = BA800D9B20A0496000ADD465 /* Build configuration list for PBXProject "Checklist" */;
			compatibilityVersion = "Xcode 9.3";
			developmentRegion = en;
			hasScannedForEncodings = 0;
			knownRegions = (
				en,
				Base,
			);
			mainGroup = BA800D9720A0496000ADD465;
			productRefGroup = BA800DA120A0496000ADD465 /* Products */;
			projectDirPath = "";
			projectRoot = "";
			targets = (
				BA800D9F20A0496000ADD465 /* Checklist */,
			);
		};
/* End PBXProject section */

/* Begin PBXResourcesBuildPhase section */
		BA800D9E20A0496000ADD465 /* Resources */ = {
			isa = PBXResourcesBuildPhase;
			buildActionMask = 2147483647;
			files = (
				BA800DBC20A0511600ADD465 /* GrinchedRegular.otf in Resources */,
				BA800DB120A0496100ADD465 /* LaunchScreen.storyboard in Resources */,
				BA800DAE20A0496100ADD465 /* Assets.xcassets in Resources */,
				BA800DA920A0496000ADD465 /* Main.storyboard in Resources */,
			);
			runOnlyForDeploymentPostprocessing = 0;
		};
/* End PBXResourcesBuildPhase section */

/* Begin PBXSourcesBuildPhase section */
		BA800D9C20A0496000ADD465 /* Sources */ = {
			isa = PBXSourcesBuildPhase;
			buildActionMask = 2147483647;
			files = (
				BA800DA620A0496000ADD465 /* CheckListViewController.swift in Sources */,
				BA800DAC20A0496000ADD465 /* Checklist.xcdatamodeld in Sources */,
				BA800DA420A0496000ADD465 /* AppDelegate.swift in Sources */,
				BA800DBE20A069D200ADD465 /* CheckListItem.swift in Sources */,
				BAB60DA320A24E0A00FA0EC6 /* AddItemControllerViewController.swift in Sources */,
			);
			runOnlyForDeploymentPostprocessing = 0;
		};
/* End PBXSourcesBuildPhase section */

/* Begin PBXVariantGroup section */
		BA800DA720A0496000ADD465 /* Main.storyboard */ = {
			isa = PBXVariantGroup;
			children = (
				BA800DA820A0496000ADD465 /* Base */,
			);
			name = Main.storyboard;
			sourceTree = "<group>";
		};
		BA800DAF20A0496100ADD465 /* LaunchScreen.storyboard */ = {
			isa = PBXVariantGroup;
			children = (
				BA800DB020A0496100ADD465 /* Base */,
			);
			name = LaunchScreen.storyboard;
			sourceTree = "<group>";
		};
/* End PBXVariantGroup section */

/* Begin XCBuildConfiguration section */
		BA800DB320A0496100ADD465 /* Debug */ = {
			isa = XCBuildConfiguration;
			buildSettings = {
				ALWAYS_SEARCH_USER_PATHS = NO;
				CLANG_ANALYZER_NONNULL = YES;
				CLANG_ANALYZER_NUMBER_OBJECT_CONVERSION = YES_AGGRESSIVE;
				CLANG_CXX_LANGUAGE_STANDARD = "gnu++14";
				CLANG_CXX_LIBRARY = "libc++";
				CLANG_ENABLE_MODULES = YES;
				CLANG_ENABLE_OBJC_ARC = YES;
				CLANG_ENABLE_OBJC_WEAK = YES;
				CLANG_WARN_BLOCK_CAPTURE_AUTORELEASING = YES;
				CLANG_WARN_BOOL_CONVERSION = YES;
				CLANG_WARN_COMMA = YES;
				CLANG_WARN_CONSTANT_CONVERSION = YES;
				CLANG_WARN_DEPRECATED_OBJC_IMPLEMENTATIONS = YES;
				CLANG_WARN_DIRECT_OBJC_ISA_USAGE = YES_ERROR;
				CLANG_WARN_DOCUMENTATION_COMMENTS = YES;
				CLANG_WARN_EMPTY_BODY = YES;
				CLANG_WARN_ENUM_CONVERSION = YES;
				CLANG_WARN_INFINITE_RECURSION = YES;
				CLANG_WARN_INT_CONVERSION = YES;
				CLANG_WARN_NON_LITERAL_NULL_CONVERSION = YES;
				CLANG_WARN_OBJC_IMPLICIT_RETAIN_SELF = YES;
				CLANG_WARN_OBJC_LITERAL_CONVERSION = YES;
				CLANG_WARN_OBJC_ROOT_CLASS = YES_ERROR;
				CLANG_WARN_RANGE_LOOP_ANALYSIS = YES;
				CLANG_WARN_STRICT_PROTOTYPES = YES;
				CLANG_WARN_SUSPICIOUS_MOVE = YES;
				CLANG_WARN_UNGUARDED_AVAILABILITY = YES_AGGRESSIVE;
				CLANG_WARN_UNREACHABLE_CODE = YES;
				CLANG_WARN__DUPLICATE_METHOD_MATCH = YES;
				CODE_SIGN_IDENTITY = "iPhone Developer";
				COPY_PHASE_STRIP = NO;
				DEBUG_INFORMATION_FORMAT = dwarf;
				ENABLE_STRICT_OBJC_MSGSEND = YES;
				ENABLE_TESTABILITY = YES;
				GCC_C_LANGUAGE_STANDARD = gnu11;
				GCC_DYNAMIC_NO_PIC = NO;
				GCC_NO_COMMON_BLOCKS = YES;
				GCC_OPTIMIZATION_LEVEL = 0;
				GCC_PREPROCESSOR_DEFINITIONS = (
					"DEBUG=1",
					"$(inherited)",
				);
				GCC_WARN_64_TO_32_BIT_CONVERSION = YES;
				GCC_WARN_ABOUT_RETURN_TYPE = YES_ERROR;
				GCC_WARN_UNDECLARED_SELECTOR = YES;
				GCC_WARN_UNINITIALIZED_AUTOS = YES_AGGRESSIVE;
				GCC_WARN_UNUSED_FUNCTION = YES;
				GCC_WARN_UNUSED_VARIABLE = YES;
				IPHONEOS_DEPLOYMENT_TARGET = 11.4;
				MTL_ENABLE_DEBUG_INFO = YES;
				ONLY_ACTIVE_ARCH = YES;
				SDKROOT = iphoneos;
				SWIFT_ACTIVE_COMPILATION_CONDITIONS = DEBUG;
				SWIFT_OPTIMIZATION_LEVEL = "-Onone";
			};
			name = Debug;
		};
		BA800DB420A0496100ADD465 /* Release */ = {
			isa = XCBuildConfiguration;
			buildSettings = {
				ALWAYS_SEARCH_USER_PATHS = NO;
				CLANG_ANALYZER_NONNULL = YES;
				CLANG_ANALYZER_NUMBER_OBJECT_CONVERSION = YES_AGGRESSIVE;
				CLANG_CXX_LANGUAGE_STANDARD = "gnu++14";
				CLANG_CXX_LIBRARY = "libc++";
				CLANG_ENABLE_MODULES = YES;
				CLANG_ENABLE_OBJC_ARC = YES;
				CLANG_ENABLE_OBJC_WEAK = YES;
				CLANG_WARN_BLOCK_CAPTURE_AUTORELEASING = YES;
				CLANG_WARN_BOOL_CONVERSION = YES;
				CLANG_WARN_COMMA = YES;
				CLANG_WARN_CONSTANT_CONVERSION = YES;
				CLANG_WARN_DEPRECATED_OBJC_IMPLEMENTATIONS = YES;
				CLANG_WARN_DIRECT_OBJC_ISA_USAGE = YES_ERROR;
				CLANG_WARN_DOCUMENTATION_COMMENTS = YES;
				CLANG_WARN_EMPTY_BODY = YES;
				CLANG_WARN_ENUM_CONVERSION = YES;
				CLANG_WARN_INFINITE_RECURSION = YES;
				CLANG_WARN_INT_CONVERSION = YES;
				CLANG_WARN_NON_LITERAL_NULL_CONVERSION = YES;
				CLANG_WARN_OBJC_IMPLICIT_RETAIN_SELF = YES;
				CLANG_WARN_OBJC_LITERAL_CONVERSION = YES;
				CLANG_WARN_OBJC_ROOT_CLASS = YES_ERROR;
				CLANG_WARN_RANGE_LOOP_ANALYSIS = YES;
				CLANG_WARN_STRICT_PROTOTYPES = YES;
				CLANG_WARN_SUSPICIOUS_MOVE = YES;
				CLANG_WARN_UNGUARDED_AVAILABILITY = YES_AGGRESSIVE;
				CLANG_WARN_UNREACHABLE_CODE = YES;
				CLANG_WARN__DUPLICATE_METHOD_MATCH = YES;
				CODE_SIGN_IDENTITY = "iPhone Developer";
				COPY_PHASE_STRIP = NO;
				DEBUG_INFORMATION_FORMAT = "dwarf-with-dsym";
				ENABLE_NS_ASSERTIONS = NO;
				ENABLE_STRICT_OBJC_MSGSEND = YES;
				GCC_C_LANGUAGE_STANDARD = gnu11;
				GCC_NO_COMMON_BLOCKS = YES;
				GCC_WARN_64_TO_32_BIT_CONVERSION = YES;
				GCC_WARN_ABOUT_RETURN_TYPE = YES_ERROR;
				GCC_WARN_UNDECLARED_SELECTOR = YES;
				GCC_WARN_UNINITIALIZED_AUTOS = YES_AGGRESSIVE;
				GCC_WARN_UNUSED_FUNCTION = YES;
				GCC_WARN_UNUSED_VARIABLE = YES;
				IPHONEOS_DEPLOYMENT_TARGET = 11.4;
				MTL_ENABLE_DEBUG_INFO = NO;
				SDKROOT = iphoneos;
				SWIFT_COMPILATION_MODE = wholemodule;
				SWIFT_OPTIMIZATION_LEVEL = "-O";
				VALIDATE_PRODUCT = YES;
			};
			name = Release;
		};
		BA800DB620A0496100ADD465 /* Debug */ = {
			isa = XCBuildConfiguration;
			buildSettings = {
				ASSETCATALOG_COMPILER_APPICON_NAME = AppIcon;
				CODE_SIGN_STYLE = Automatic;
				DEVELOPMENT_TEAM = 273PW2T5AH;
				INFOPLIST_FILE = Checklist/Info.plist;
				IPHONEOS_DEPLOYMENT_TARGET = 11.3;
				LD_RUNPATH_SEARCH_PATHS = (
					"$(inherited)",
					"@executable_path/Frameworks",
				);
				PRODUCT_BUNDLE_IDENTIFIER = com.amm.Checklist;
				PRODUCT_NAME = "$(TARGET_NAME)";
				SWIFT_VERSION = 4.0;
				TARGETED_DEVICE_FAMILY = "1,2";
			};
			name = Debug;
		};
		BA800DB720A0496100ADD465 /* Release */ = {
			isa = XCBuildConfiguration;
			buildSettings = {
				ASSETCATALOG_COMPILER_APPICON_NAME = AppIcon;
				CODE_SIGN_STYLE = Automatic;
				DEVELOPMENT_TEAM = 273PW2T5AH;
				INFOPLIST_FILE = Checklist/Info.plist;
				IPHONEOS_DEPLOYMENT_TARGET = 11.3;
				LD_RUNPATH_SEARCH_PATHS = (
					"$(inherited)",
					"@executable_path/Frameworks",
				);
				PRODUCT_BUNDLE_IDENTIFIER = com.amm.Checklist;
				PRODUCT_NAME = "$(TARGET_NAME)";
				SWIFT_VERSION = 4.0;
				TARGETED_DEVICE_FAMILY = "1,2";
			};
			name = Release;
		};
/* End XCBuildConfiguration section */

/* Begin XCConfigurationList section */
		BA800D9B20A0496000ADD465 /* Build configuration list for PBXProject "Checklist" */ = {
			isa = XCConfigurationList;
			buildConfigurations = (
				BA800DB320A0496100ADD465 /* Debug */,
				BA800DB420A0496100ADD465 /* Release */,
			);
			defaultConfigurationIsVisible = 0;
			defaultConfigurationName = Release;
		};
		BA800DB520A0496100ADD465 /* Build configuration list for PBXNativeTarget "Checklist" */ = {
			isa = XCConfigurationList;
			buildConfigurations = (
				BA800DB620A0496100ADD465 /* Debug */,
				BA800DB720A0496100ADD465 /* Release */,
			);
			defaultConfigurationIsVisible = 0;
			defaultConfigurationName = Release;
		};
/* End XCConfigurationList section */

/* Begin XCVersionGroup section */
		BA800DAA20A0496000ADD465 /* Checklist.xcdatamodeld */ = {
			isa = XCVersionGroup;
			children = (
				BA800DAB20A0496000ADD465 /* Checklist.xcdatamodel */,
			);
			currentVersion = BA800DAB20A0496000ADD465 /* Checklist.xcdatamodel */;
			path = Checklist.xcdatamodeld;
			sourceTree = "<group>";
			versionGroupType = wrapper.xcdatamodel;
		};
/* End XCVersionGroup section */
	};
	rootObject = BA800D9820A0496000ADD465 /* Project object */;
}
